<Solution>
  <Project Path="Crescente/Crescente.csproj" />
  <Project Path="lanchonete/lanchonete.csproj" />
  <Project Path="ParOuImpar/ParOuImpar.csproj" />
  <Project Path="ParqueDeDiversoes/ParqueDeDiversoes.csproj" />
  <Project Path="Senha/Senha.csproj" />
  <Project Path="Sequencia/Sequencia.csproj" />
  <Project Path="Tabuada/Tabuada.csproj" />
</Solution>
